// !$*UTF8*$!
{
	archiveVersion = 1;
	classes = {
	};
	objectVersion = 50;
	objects = {

/* Begin PBXBuildFile section */
		FF153A5D238C74F6005B531B /* AppDelegate.swift in Sources */ = {isa = PBXBuildFile; fileRef = FF153A5C238C74F6005B531B /* AppDelegate.swift */; };
		FF153A5F238C74F6005B531B /* SceneDelegate.swift in Sources */ = {isa = PBXBuildFile; fileRef = FF153A5E238C74F6005B531B /* SceneDelegate.swift */; };
		FF153A61238C74F6005B531B /* ViewController.swift in Sources */ = {isa = PBXBuildFile; fileRef = FF153A60238C74F6005B531B /* ViewController.swift */; };
		FF153A64238C74F6005B531B /* Main.storyboard in Resources */ = {isa = PBXBuildFile; fileRef = FF153A62238C74F6005B531B /* Main.storyboard */; };
		FF153A66238C74F7005B531B /* Assets.xcassets in Resources */ = {isa = PBXBuildFile; fileRef = FF153A65238C74F7005B531B /* Assets.xcassets */; };
		FF153A69238C74F7005B531B /* LaunchScreen.storyboard in Resources */ = {isa = PBXBuildFile; fileRef = FF153A67238C74F7005B531B /* LaunchScreen.storyboard */; };
		FF153A71238C7CD9005B531B /* SocialCollectionViewCell.swift in Sources */ = {isa = PBXBuildFile; fileRef = FF153A70238C7CD9005B531B /* SocialCollectionViewCell.swift */; };
		FF312EF3238CF34B0057C3F1 /* webTemplateViewController.swift in Sources */ = {isa = PBXBuildFile; fileRef = FF312EF2238CF34B0057C3F1 /* webTemplateViewController.swift */; };
		FF318AC6238D94BC00EB09C5 /* HomeModel.swift in Sources */ = {isa = PBXBuildFile; fileRef = FF318AC5238D94BC00EB09C5 /* HomeModel.swift */; };
/* End PBXBuildFile section */

/* Begin PBXFileReference section */
		FF153A59238C74F6005B531B /* Collection View.app */ = {isa = PBXFileReference; explicitFileType = wrapper.application; includeInIndex = 0; path = "Collection View.app"; sourceTree = BUILT_PRODUCTS_DIR; };
		FF153A5C238C74F6005B531B /* AppDelegate.swift */ = {isa = PBXFileReference; lastKnownFileType = sourcecode.swift; path = AppDelegate.swift; sourceTree = "<group>"; };
		FF153A5E238C74F6005B531B /* SceneDelegate.swift */ = {isa = PBXFileReference; lastKnownFileType = sourcecode.swift; path = SceneDelegate.swift; sourceTree = "<group>"; };
		FF153A60238C74F6005B531B /* ViewController.swift */ = {isa = PBXFileReference; lastKnownFileType = sourcecode.swift; path = ViewController.swift; sourceTree = "<group>"; };
		FF153A63238C74F6005B531B /* Base */ = {isa = PBXFileReference; lastKnownFileType = file.storyboard; name = Base; path = Base.lproj/Main.storyboard; sourceTree = "<group>"; };
		FF153A65238C74F7005B531B /* Assets.xcassets */ = {isa = PBXFileReference; lastKnownFileType = folder.assetcatalog; path = Assets.xcassets; sourceTree = "<group>"; };
		FF153A68238C74F7005B531B /* Base */ = {isa = PBXFileReference; lastKnownFileType = file.storyboard; name = Base; path = Base.lproj/LaunchScreen.storyboard; sourceTree = "<group>"; };
		FF153A6A238C74F7005B531B /* Info.plist */ = {isa = PBXFileReference; lastKnownFileType = text.plist.xml; path = Info.plist; sourceTree = "<group>"; };
		FF153A70238C7CD9005B531B /* SocialCollectionViewCell.swift */ = {isa = PBXFileReference; lastKnownFileType = sourcecode.swift; path = SocialCollectionViewCell.swift; sourceTree = "<group>"; };
		FF312EF2238CF34B0057C3F1 /* webTemplateViewController.swift */ = {isa = PBXFileReference; lastKnownFileType = sourcecode.swift; path = webTemplateViewController.swift; sourceTree = "<group>"; };
		FF318AC5238D94BC00EB09C5 /* HomeModel.swift */ = {isa = PBXFileReference; lastKnownFileType = sourcecode.swift; path = HomeModel.swift; sourceTree = "<group>"; };
/* End PBXFileReference section */

/* Begin PBXFrameworksBuildPhase section */
		FF153A56238C74F6005B531B /* Frameworks */ = {
			isa = PBXFrameworksBuildPhase;
			buildActionMask = 2147483647;
			files = (
			);
			runOnlyForDeploymentPostprocessing = 0;
		};
/* End PBXFrameworksBuildPhase section */

/* Begin PBXGroup section */
		FF153A50238C74F6005B531B = {
			isa = PBXGroup;
			children = (
				FF153A5B238C74F6005B531B /* Collection View */,
				FF153A5A238C74F6005B531B /* Products */,
			);
			sourceTree = "<group>";
		};
		FF153A5A238C74F6005B531B /* Products */ = {
			isa = PBXGroup;
			children = (
				FF153A59238C74F6005B531B /* Collection View.app */,
			);
			name = Products;
			sourceTree = "<group>";
		};
		FF153A5B238C74F6005B531B /* Collection View */ = {
			isa = PBXGroup;
			children = (
				FF312EF4238D13B50057C3F1 /* Model */,
				FF312EF5238D13C70057C3F1 /* View */,
				FF312EF6238D13DA0057C3F1 /* Controller */,
				FF312EFA238D16DE0057C3F1 /* Support */,
				FF153A6A238C74F7005B531B /* Info.plist */,
			);
			path = "Collection View";
			sourceTree = "<group>";
		};
		FF312EF4238D13B50057C3F1 /* Model */ = {
			isa = PBXGroup;
			children = (
				FF318AC5238D94BC00EB09C5 /* HomeModel.swift */,
			);
			path = Model;
			sourceTree = "<group>";
		};
		FF312EF5238D13C70057C3F1 /* View */ = {
			isa = PBXGroup;
			children = (
				FF153A62238C74F6005B531B /* Main.storyboard */,
				FF153A67238C74F7005B531B /* LaunchScreen.storyboard */,
			);
			path = View;
			sourceTree = "<group>";
		};
		FF312EF6238D13DA0057C3F1 /* Controller */ = {
			isa = PBXGroup;
			children = (
				FF312EF9238D14A20057C3F1 /* Collection View Controller */,
				FF312EF8238D14880057C3F1 /* Web View Controller */,
				FF312EF7238D14600057C3F1 /* View Controller */,
			);
			path = Controller;
			sourceTree = "<group>";
		};
		FF312EF7238D14600057C3F1 /* View Controller */ = {
			isa = PBXGroup;
			children = (
				FF153A60238C74F6005B531B /* ViewController.swift */,
			);
			path = "View Controller";
			sourceTree = "<group>";
		};
		FF312EF8238D14880057C3F1 /* Web View Controller */ = {
			isa = PBXGroup;
			children = (
				FF312EF2238CF34B0057C3F1 /* webTemplateViewController.swift */,
			);
			path = "Web View Controller";
			sourceTree = "<group>";
		};
		FF312EF9238D14A20057C3F1 /* Collection View Controller */ = {
			isa = PBXGroup;
			children = (
				FF153A70238C7CD9005B531B /* SocialCollectionViewCell.swift */,
			);
			path = "Collection View Controller";
			sourceTree = "<group>";
		};
		FF312EFA238D16DE0057C3F1 /* Support */ = {
			isa = PBXGroup;
			children = (
				FF153A5C238C74F6005B531B /* AppDelegate.swift */,
				FF153A5E238C74F6005B531B /* SceneDelegate.swift */,
				FF153A65238C74F7005B531B /* Assets.xcassets */,
			);
			path = Support;
			sourceTree = "<group>";
		};
/* End PBXGroup section */

/* Begin PBXNativeTarget section */
		FF153A58238C74F6005B531B /* Collection View */ = {
			isa = PBXNativeTarget;
			buildConfigurationList = FF153A6D238C74F7005B531B /* Build configuration list for PBXNativeTarget "Collection View" */;
			buildPhases = (
				FF153A55238C74F6005B531B /* Sources */,
				FF153A56238C74F6005B531B /* Frameworks */,
				FF153A57238C74F6005B531B /* Resources */,
			);
			buildRules = (
			);
			dependencies = (
			);
			name = "Collection View";
			productName = "Collection View";
			productReference = FF153A59238C74F6005B531B /* Collection View.app */;
			productType = "com.apple.product-type.application";
		};
/* End PBXNativeTarget section */

/* Begin PBXProject section */
		FF153A51238C74F6005B531B /* Project object */ = {
			isa = PBXProject;
			attributes = {
				LastSwiftUpdateCheck = 1120;
				LastUpgradeCheck = 1120;
				ORGANIZATIONNAME = "Fahim Rahman";
				TargetAttributes = {
					FF153A58238C74F6005B531B = {
						CreatedOnToolsVersion = 11.2.1;
					};
				};
			};
			buildConfigurationList = FF153A54238C74F6005B531B /* Build configuration list for PBXProject "Collection View" */;
			compatibilityVersion = "Xcode 9.3";
			developmentRegion = en;
			hasScannedForEncodings = 0;
			knownRegions = (
				en,
				Base,
			);
			mainGroup = FF153A50238C74F6005B531B;
			productRefGroup = FF153A5A238C74F6005B531B /* Products */;
			projectDirPath = "";
			projectRoot = "";
			targets = (
				FF153A58238C74F6005B531B /* Collection View */,
			);
		};
/* End PBXProject section */

/* Begin PBXResourcesBuildPhase section */
		FF153A57238C74F6005B531B /* Resources */ = {
			isa = PBXResourcesBuildPhase;
			buildActionMask = 2147483647;
			files = (
				FF153A69238C74F7005B531B /* LaunchScreen.storyboard in Resources */,
				FF153A66238C74F7005B531B /* Assets.xcassets in Resources */,
				FF153A64238C74F6005B531B /* Main.storyboard in Resources */,
			);
			runOnlyForDeploymentPostprocessing = 0;
		};
/* End PBXResourcesBuildPhase section */

/* Begin PBXSourcesBuildPhase section */
		FF153A55238C74F6005B531B /* Sources */ = {
			isa = PBXSourcesBuildPhase;
			buildActionMask = 2147483647;
			files = (
				FF153A61238C74F6005B531B /* ViewController.swift in Sources */,
				FF318AC6238D94BC00EB09C5 /* HomeModel.swift in Sources */,
				FF312EF3238CF34B0057C3F1 /* webTemplateViewController.swift in Sources */,
				FF153A5D238C74F6005B531B /* AppDelegate.swift in Sources */,
				FF153A5F238C74F6005B531B /* SceneDelegate.swift in Sources */,
				FF153A71238C7CD9005B531B /* SocialCollectionViewCell.swift in Sources */,
			);
			runOnlyForDeploymentPostprocessing = 0;
		};
/* End PBXSourcesBuildPhase section */

/* Begin PBXVariantGroup section */
		FF153A62238C74F6005B531B /* Main.storyboard */ = {
			isa = PBXVariantGroup;
			children = (
				FF153A63238C74F6005B531B /* Base */,
			);
			name = Main.storyboard;
			sourceTree = "<group>";
		};
		FF153A67238C74F7005B531B /* LaunchScreen.storyboard */ = {
			isa = PBXVariantGroup;
			children = (
				FF153A68238C74F7005B531B /* Base */,
			);
			name = LaunchScreen.storyboard;
			sourceTree = "<group>";
		};
/* End PBXVariantGroup section */

/* Begin XCBuildConfiguration section */
		FF153A6B238C74F7005B531B /* Debug */ = {
			isa = XCBuildConfiguration;
			buildSettings = {
				ALWAYS_SEARCH_USER_PATHS = NO;
				CLANG_ANALYZER_NONNULL = YES;
				CLANG_ANALYZER_NUMBER_OBJECT_CONVERSION = YES_AGGRESSIVE;
				CLANG_CXX_LANGUAGE_STANDARD = "gnu++14";
				CLANG_CXX_LIBRARY = "libc++";
				CLANG_ENABLE_MODULES = YES;
				CLANG_ENABLE_OBJC_ARC = YES;
				CLANG_ENABLE_OBJC_WEAK = YES;
				CLANG_WARN_BLOCK_CAPTURE_AUTORELEASING = YES;
				CLANG_WARN_BOOL_CONVERSION = YES;
				CLANG_WARN_COMMA = YES;
				CLANG_WARN_CONSTANT_CONVERSION = YES;
				CLANG_WARN_DEPRECATED_OBJC_IMPLEMENTATIONS = YES;
				CLANG_WARN_DIRECT_OBJC_ISA_USAGE = YES_ERROR;
				CLANG_WARN_DOCUMENTATION_COMMENTS = YES;
				CLANG_WARN_EMPTY_BODY = YES;
				CLANG_WARN_ENUM_CONVERSION = YES;
				CLANG_WARN_INFINITE_RECURSION = YES;
				CLANG_WARN_INT_CONVERSION = YES;
				CLANG_WARN_NON_LITERAL_NULL_CONVERSION = YES;
				CLANG_WARN_OBJC_IMPLICIT_RETAIN_SELF = YES;
				CLANG_WARN_OBJC_LITERAL_CONVERSION = YES;
				CLANG_WARN_OBJC_ROOT_CLASS = YES_ERROR;
				CLANG_WARN_RANGE_LOOP_ANALYSIS = YES;
				CLANG_WARN_STRICT_PROTOTYPES = YES;
				CLANG_WARN_SUSPICIOUS_MOVE = YES;
				CLANG_WARN_UNGUARDED_AVAILABILITY = YES_AGGRESSIVE;
				CLANG_WARN_UNREACHABLE_CODE = YES;
				CLANG_WARN__DUPLICATE_METHOD_MATCH = YES;
				COPY_PHASE_STRIP = NO;
				DEBUG_INFORMATION_FORMAT = dwarf;
				ENABLE_STRICT_OBJC_MSGSEND = YES;
				ENABLE_TESTABILITY = YES;
				GCC_C_LANGUAGE_STANDARD = gnu11;
				GCC_DYNAMIC_NO_PIC = NO;
				GCC_NO_COMMON_BLOCKS = YES;
				GCC_OPTIMIZATION_LEVEL = 0;
				GCC_PREPROCESSOR_DEFINITIONS = (
					"DEBUG=1",
					"$(inherited)",
				);
				GCC_WARN_64_TO_32_BIT_CONVERSION = YES;
				GCC_WARN_ABOUT_RETURN_TYPE = YES_ERROR;
				GCC_WARN_UNDECLARED_SELECTOR = YES;
				GCC_WARN_UNINITIALIZED_AUTOS = YES_AGGRESSIVE;
				GCC_WARN_UNUSED_FUNCTION = YES;
				GCC_WARN_UNUSED_VARIABLE = YES;
				IPHONEOS_DEPLOYMENT_TARGET = 13.2;
				MTL_ENABLE_DEBUG_INFO = INCLUDE_SOURCE;
				MTL_FAST_MATH = YES;
				ONLY_ACTIVE_ARCH = YES;
				SDKROOT = iphoneos;
				SWIFT_ACTIVE_COMPILATION_CONDITIONS = DEBUG;
				SWIFT_OPTIMIZATION_LEVEL = "-Onone";
			};
			name = Debug;
		};
		FF153A6C238C74F7005B531B /* Release */ = {
			isa = XCBuildConfiguration;
			buildSettings = {
				ALWAYS_SEARCH_USER_PATHS = NO;
				CLANG_ANALYZER_NONNULL = YES;
				CLANG_ANALYZER_NUMBER_OBJECT_CONVERSION = YES_AGGRESSIVE;
				CLANG_CXX_LANGUAGE_STANDARD = "gnu++14";
				CLANG_CXX_LIBRARY = "libc++";
				CLANG_ENABLE_MODULES = YES;
				CLANG_ENABLE_OBJC_ARC = YES;
				CLANG_ENABLE_OBJC_WEAK = YES;
				CLANG_WARN_BLOCK_CAPTURE_AUTORELEASING = YES;
				CLANG_WARN_BOOL_CONVERSION = YES;
				CLANG_WARN_COMMA = YES;
				CLANG_WARN_CONSTANT_CONVERSION = YES;
				CLANG_WARN_DEPRECATED_OBJC_IMPLEMENTATIONS = YES;
				CLANG_WARN_DIRECT_OBJC_ISA_USAGE = YES_ERROR;
				CLANG_WARN_DOCUMENTATION_COMMENTS = YES;
				CLANG_WARN_EMPTY_BODY = YES;
				CLANG_WARN_ENUM_CONVERSION = YES;
				CLANG_WARN_INFINITE_RECURSION = YES;
				CLANG_WARN_INT_CONVERSION = YES;
				CLANG_WARN_NON_LITERAL_NULL_CONVERSION = YES;
				CLANG_WARN_OBJC_IMPLICIT_RETAIN_SELF = YES;
				CLANG_WARN_OBJC_LITERAL_CONVERSION = YES;
				CLANG_WARN_OBJC_ROOT_CLASS = YES_ERROR;
				CLANG_WARN_RANGE_LOOP_ANALYSIS = YES;
				CLANG_WARN_STRICT_PROTOTYPES = YES;
				CLANG_WARN_SUSPICIOUS_MOVE = YES;
				CLANG_WARN_UNGUARDED_AVAILABILITY = YES_AGGRESSIVE;
				CLANG_WARN_UNREACHABLE_CODE = YES;
				CLANG_WARN__DUPLICATE_METHOD_MATCH = YES;
				COPY_PHASE_STRIP = NO;
				DEBUG_INFORMATION_FORMAT = "dwarf-with-dsym";
				ENABLE_NS_ASSERTIONS = NO;
				ENABLE_STRICT_OBJC_MSGSEND = YES;
				GCC_C_LANGUAGE_STANDARD = gnu11;
				GCC_NO_COMMON_BLOCKS = YES;
				GCC_WARN_64_TO_32_BIT_CONVERSION = YES;
				GCC_WARN_ABOUT_RETURN_TYPE = YES_ERROR;
				GCC_WARN_UNDECLARED_SELECTOR = YES;
				GCC_WARN_UNINITIALIZED_AUTOS = YES_AGGRESSIVE;
				GCC_WARN_UNUSED_FUNCTION = YES;
				GCC_WARN_UNUSED_VARIABLE = YES;
				IPHONEOS_DEPLOYMENT_TARGET = 13.2;
				MTL_ENABLE_DEBUG_INFO = NO;
				MTL_FAST_MATH = YES;
				SDKROOT = iphoneos;
				SWIFT_COMPILATION_MODE = wholemodule;
				SWIFT_OPTIMIZATION_LEVEL = "-O";
				VALIDATE_PRODUCT = YES;
			};
			name = Release;
		};
		FF153A6E238C74F7005B531B /* Debug */ = {
			isa = XCBuildConfiguration;
			buildSettings = {
				ASSETCATALOG_COMPILER_APPICON_NAME = AppIcon;
				CODE_SIGN_STYLE = Automatic;
				DEVELOPMENT_TEAM = 4JWUSF25X2;
				INFOPLIST_FILE = "Collection View/Info.plist";
				LD_RUNPATH_SEARCH_PATHS = (
					"$(inherited)",
					"@executable_path/Frameworks",
				);
				PRODUCT_BUNDLE_IDENTIFIER = "com.fahimrahman.Collection-View";
				PRODUCT_NAME = "$(TARGET_NAME)";
				SWIFT_VERSION = 5.0;
				TARGETED_DEVICE_FAMILY = 1;
			};
			name = Debug;
		};
		FF153A6F238C74F7005B531B /* Release */ = {
			isa = XCBuildConfiguration;
			buildSettings = {
				ASSETCATALOG_COMPILER_APPICON_NAME = AppIcon;
				CODE_SIGN_STYLE = Automatic;
				DEVELOPMENT_TEAM = 4JWUSF25X2;
				INFOPLIST_FILE = "Collection View/Info.plist";
				LD_RUNPATH_SEARCH_PATHS = (
					"$(inherited)",
					"@executable_path/Frameworks",
				);
				PRODUCT_BUNDLE_IDENTIFIER = "com.fahimrahman.Collection-View";
				PRODUCT_NAME = "$(TARGET_NAME)";
				SWIFT_VERSION = 5.0;
				TARGETED_DEVICE_FAMILY = 1;
			};
			name = Release;
		};
/* End XCBuildConfiguration section */

/* Begin XCConfigurationList section */
		FF153A54238C74F6005B531B /* Build configuration list for PBXProject "Collection View" */ = {
			isa = XCConfigurationList;
			buildConfigurations = (
				FF153A6B238C74F7005B531B /* Debug */,
				FF153A6C238C74F7005B531B /* Release */,
			);
			defaultConfigurationIsVisible = 0;
			defaultConfigurationName = Release;
		};
		FF153A6D238C74F7005B531B /* Build configuration list for PBXNativeTarget "Collection View" */ = {
			isa = XCConfigurationList;
			buildConfigurations = (
				FF153A6E238C74F7005B531B /* Debug */,
				FF153A6F238C74F7005B531B /* Release */,
			);
			defaultConfigurationIsVisible = 0;
			defaultConfigurationName = Release;
		};
/* End XCConfigurationList section */
	};
	rootObject = FF153A51238C74F6005B531B /* Project object */;
}
